
Microsoft Visual Studio Solution File, Format Version 12.00
# Visual Studio Version 17
VisualStudioVersion = 17.3.32922.545
MinimumVisualStudioVersion = 10.0.40219.1
Project("{FAE04EC0-301F-11D3-BF4B-00C04F79EFBC}") = "SOLID.ISP", "SOLID.ISP.csproj", "{968C2A39-F127-4EAC-B8B0-CECC1E0E4A7C}"
EndProject
Global
	GlobalSection(SolutionConfigurationPlatforms) = preSolution
		Debug|Any CPU = Debug|Any CPU
		Release|Any CPU = Release|Any CPU
	EndGlobalSection
	GlobalSection(ProjectConfigurationPlatforms) = postSolution
		{968C2A39-F127-4EAC-B8B0-CECC1E0E4A7C}.Debug|Any CPU.ActiveCfg = Debug|Any CPU
		{968C2A39-F127-4EAC-B8B0-CECC1E0E4A7C}.Debug|Any CPU.Build.0 = Debug|Any CPU
		{968C2A39-F127-4EAC-B8B0-CECC1E0E4A7C}.Release|Any CPU.ActiveCfg = Release|Any CPU
		{968C2A39-F127-4EAC-B8B0-CECC1E0E4A7C}.Release|Any CPU.Build.0 = Release|Any CPU
	EndGlobalSection
	GlobalSection(SolutionProperties) = preSolution
		HideSolutionNode = FALSE
	EndGlobalSection
	GlobalSection(ExtensibilityGlobals) = postSolution
		SolutionGuid = {48585F64-663A-4EE0-9CE0-D994A51214BB}
	EndGlobalSection
EndGlobal
