
Microsoft Visual Studio Solution File, Format Version 12.00
# Visual Studio Version 17
VisualStudioVersion = 17.3.32922.545
MinimumVisualStudioVersion = 10.0.40219.1
Project("{FAE04EC0-301F-11D3-BF4B-00C04F79EFBC}") = "SOLID.SRP", "SOLID.SRP.csproj", "{F59C067A-DFCE-4BFB-BBA0-8D9CD686AB6E}"
EndProject
Global
	GlobalSection(SolutionConfigurationPlatforms) = preSolution
		Debug|Any CPU = Debug|Any CPU
		Release|Any CPU = Release|Any CPU
	EndGlobalSection
	GlobalSection(ProjectConfigurationPlatforms) = postSolution
		{F59C067A-DFCE-4BFB-BBA0-8D9CD686AB6E}.Debug|Any CPU.ActiveCfg = Debug|Any CPU
		{F59C067A-DFCE-4BFB-BBA0-8D9CD686AB6E}.Debug|Any CPU.Build.0 = Debug|Any CPU
		{F59C067A-DFCE-4BFB-BBA0-8D9CD686AB6E}.Release|Any CPU.ActiveCfg = Release|Any CPU
		{F59C067A-DFCE-4BFB-BBA0-8D9CD686AB6E}.Release|Any CPU.Build.0 = Release|Any CPU
	EndGlobalSection
	GlobalSection(SolutionProperties) = preSolution
		HideSolutionNode = FALSE
	EndGlobalSection
	GlobalSection(ExtensibilityGlobals) = postSolution
		SolutionGuid = {89C3A536-A38B-400B-987C-DAA330640CBD}
	EndGlobalSection
EndGlobal
